
Microsoft Visual Studio Solution File, Format Version 12.00
# Visual Studio Version 16
VisualStudioVersion = 16.0.29326.143
MinimumVisualStudioVersion = 10.0.40219.1
Project("{FAE04EC0-301F-11D3-BF4B-00C04F79EFBC}") = "Teste", "Teste\Teste.csproj", "{C982BE54-427E-4112-959D-FBC31522AB5D}"
EndProject
Global
	GlobalSection(SolutionConfigurationPlatforms) = preSolution
		Debug|Any CPU = Debug|Any CPU
		Release|Any CPU = Release|Any CPU
	EndGlobalSection
	GlobalSection(ProjectConfigurationPlatforms) = postSolution
		{C982BE54-427E-4112-959D-FBC31522AB5D}.Debug|Any CPU.ActiveCfg = Debug|Any CPU
		{C982BE54-427E-4112-959D-FBC31522AB5D}.Debug|Any CPU.Build.0 = Debug|Any CPU
		{C982BE54-427E-4112-959D-FBC31522AB5D}.Release|Any CPU.ActiveCfg = Release|Any CPU
		{C982BE54-427E-4112-959D-FBC31522AB5D}.Release|Any CPU.Build.0 = Release|Any CPU
	EndGlobalSection
	GlobalSection(SolutionProperties) = preSolution
		HideSolutionNode = FALSE
	EndGlobalSection
	GlobalSection(ExtensibilityGlobals) = postSolution
		SolutionGuid = {58D1BF68-B8F7-4A17-904D-829247588D49}
	EndGlobalSection
EndGlobal
